// !$*UTF8*$!
{
	archiveVersion = 1;
	classes = {
	};
	objectVersion = 50;
	objects = {

/* Begin PBXBuildFile section */
		2A728792800F79B4DB514063 /* Pods_Example.framework in Frameworks */ = {isa = PBXBuildFile; fileRef = 1FC325B1D55470D7BCA0BCBD /* Pods_Example.framework */; };
		9F2752A92255976E005F0842 /* Institution.swift in Sources */ = {isa = PBXBuildFile; fileRef = 9F2752A82255976E005F0842 /* Institution.swift */; };
		9F2752AB225598C9005F0842 /* InstitutionDataProvider.swift in Sources */ = {isa = PBXBuildFile; fileRef = 9F2752AA225598C9005F0842 /* InstitutionDataProvider.swift */; };
		9F2752B12255A239005F0842 /* InstitutionHeaderView.swift in Sources */ = {isa = PBXBuildFile; fileRef = 9F2752AF2255A239005F0842 /* InstitutionHeaderView.swift */; };
		9F2752B22255A239005F0842 /* InstitutionHeaderView.xib in Resources */ = {isa = PBXBuildFile; fileRef = 9F2752B02255A239005F0842 /* InstitutionHeaderView.xib */; };
		9F2752B5225652FD005F0842 /* SelfSizingHeightReusableView.swift in Sources */ = {isa = PBXBuildFile; fileRef = 9F2752B3225652FD005F0842 /* SelfSizingHeightReusableView.swift */; };
		9F2752B6225652FD005F0842 /* SelfSizingHeightCVCell.swift in Sources */ = {isa = PBXBuildFile; fileRef = 9F2752B4225652FD005F0842 /* SelfSizingHeightCVCell.swift */; };
		9F2752B922565F8C005F0842 /* DisclosureFooterView.swift in Sources */ = {isa = PBXBuildFile; fileRef = 9F2752B722565F8C005F0842 /* DisclosureFooterView.swift */; };
		9F2752BA22565F8C005F0842 /* DisclosureFooterView.xib in Resources */ = {isa = PBXBuildFile; fileRef = 9F2752B822565F8C005F0842 /* DisclosureFooterView.xib */; };
		9FAB500C2253F6B60069A676 /* AppDelegate.swift in Sources */ = {isa = PBXBuildFile; fileRef = 9FAB500B2253F6B60069A676 /* AppDelegate.swift */; };
		9FAB500E2253F6B60069A676 /* MainVC.swift in Sources */ = {isa = PBXBuildFile; fileRef = 9FAB500D2253F6B60069A676 /* MainVC.swift */; };
		9FAB50112253F6B60069A676 /* Main.storyboard in Resources */ = {isa = PBXBuildFile; fileRef = 9FAB500F2253F6B60069A676 /* Main.storyboard */; };
		9FAB50132253F6B70069A676 /* Assets.xcassets in Resources */ = {isa = PBXBuildFile; fileRef = 9FAB50122253F6B70069A676 /* Assets.xcassets */; };
		9FAB50162253F6B70069A676 /* LaunchScreen.storyboard in Resources */ = {isa = PBXBuildFile; fileRef = 9FAB50142253F6B70069A676 /* LaunchScreen.storyboard */; };
		9FAB50272253FBD30069A676 /* Reusable.swift in Sources */ = {isa = PBXBuildFile; fileRef = 9FAB50262253FBD30069A676 /* Reusable.swift */; };
		9FAB502A2253FBE70069A676 /* AccountInfoCVCell.swift in Sources */ = {isa = PBXBuildFile; fileRef = 9FAB50282253FBE70069A676 /* AccountInfoCVCell.swift */; };
		9FAB502B2253FBE70069A676 /* AccountInfoCVCell.xib in Resources */ = {isa = PBXBuildFile; fileRef = 9FAB50292253FBE70069A676 /* AccountInfoCVCell.xib */; };
		9FAB502E22541F910069A676 /* Account.swift in Sources */ = {isa = PBXBuildFile; fileRef = 9FAB502D22541F910069A676 /* Account.swift */; };
		9FAB5030225511C80069A676 /* Double+Extension.swift in Sources */ = {isa = PBXBuildFile; fileRef = 9FAB502F225511C80069A676 /* Double+Extension.swift */; };
		9FAB50332255140A0069A676 /* AccountDataProvider.swift in Sources */ = {isa = PBXBuildFile; fileRef = 9FAB50322255140A0069A676 /* AccountDataProvider.swift */; };
		9FAB5036225517180069A676 /* Date+Extension.swift in Sources */ = {isa = PBXBuildFile; fileRef = 9FAB5035225517180069A676 /* Date+Extension.swift */; };
/* End PBXBuildFile section */

/* Begin PBXFileReference section */
		00FD0DD01D6C7EDB9EB8B675 /* Pods-Example.release.xcconfig */ = {isa = PBXFileReference; includeInIndex = 1; lastKnownFileType = text.xcconfig; name = "Pods-Example.release.xcconfig"; path = "Target Support Files/Pods-Example/Pods-Example.release.xcconfig"; sourceTree = "<group>"; };
		1FC325B1D55470D7BCA0BCBD /* Pods_Example.framework */ = {isa = PBXFileReference; explicitFileType = wrapper.framework; includeInIndex = 0; path = Pods_Example.framework; sourceTree = BUILT_PRODUCTS_DIR; };
		9F2752A82255976E005F0842 /* Institution.swift */ = {isa = PBXFileReference; lastKnownFileType = sourcecode.swift; path = Institution.swift; sourceTree = "<group>"; };
		9F2752AA225598C9005F0842 /* InstitutionDataProvider.swift */ = {isa = PBXFileReference; lastKnownFileType = sourcecode.swift; path = InstitutionDataProvider.swift; sourceTree = "<group>"; };
		9F2752AF2255A239005F0842 /* InstitutionHeaderView.swift */ = {isa = PBXFileReference; lastKnownFileType = sourcecode.swift; path = InstitutionHeaderView.swift; sourceTree = "<group>"; };
		9F2752B02255A239005F0842 /* InstitutionHeaderView.xib */ = {isa = PBXFileReference; lastKnownFileType = file.xib; path = InstitutionHeaderView.xib; sourceTree = "<group>"; };
		9F2752B3225652FD005F0842 /* SelfSizingHeightReusableView.swift */ = {isa = PBXFileReference; fileEncoding = 4; lastKnownFileType = sourcecode.swift; path = SelfSizingHeightReusableView.swift; sourceTree = "<group>"; };
		9F2752B4225652FD005F0842 /* SelfSizingHeightCVCell.swift */ = {isa = PBXFileReference; fileEncoding = 4; lastKnownFileType = sourcecode.swift; path = SelfSizingHeightCVCell.swift; sourceTree = "<group>"; };
		9F2752B722565F8C005F0842 /* DisclosureFooterView.swift */ = {isa = PBXFileReference; lastKnownFileType = sourcecode.swift; path = DisclosureFooterView.swift; sourceTree = "<group>"; };
		9F2752B822565F8C005F0842 /* DisclosureFooterView.xib */ = {isa = PBXFileReference; lastKnownFileType = file.xib; path = DisclosureFooterView.xib; sourceTree = "<group>"; };
		9FAB50082253F6B60069A676 /* Example.app */ = {isa = PBXFileReference; explicitFileType = wrapper.application; includeInIndex = 0; path = Example.app; sourceTree = BUILT_PRODUCTS_DIR; };
		9FAB500B2253F6B60069A676 /* AppDelegate.swift */ = {isa = PBXFileReference; lastKnownFileType = sourcecode.swift; path = AppDelegate.swift; sourceTree = "<group>"; };
		9FAB500D2253F6B60069A676 /* MainVC.swift */ = {isa = PBXFileReference; lastKnownFileType = sourcecode.swift; path = MainVC.swift; sourceTree = "<group>"; };
		9FAB50102253F6B60069A676 /* Base */ = {isa = PBXFileReference; lastKnownFileType = file.storyboard; name = Base; path = Base.lproj/Main.storyboard; sourceTree = "<group>"; };
		9FAB50122253F6B70069A676 /* Assets.xcassets */ = {isa = PBXFileReference; lastKnownFileType = folder.assetcatalog; path = Assets.xcassets; sourceTree = "<group>"; };
		9FAB50152253F6B70069A676 /* Base */ = {isa = PBXFileReference; lastKnownFileType = file.storyboard; name = Base; path = Base.lproj/LaunchScreen.storyboard; sourceTree = "<group>"; };
		9FAB50172253F6B70069A676 /* Info.plist */ = {isa = PBXFileReference; lastKnownFileType = text.plist.xml; path = Info.plist; sourceTree = "<group>"; };
		9FAB50262253FBD30069A676 /* Reusable.swift */ = {isa = PBXFileReference; fileEncoding = 4; lastKnownFileType = sourcecode.swift; path = Reusable.swift; sourceTree = "<group>"; };
		9FAB50282253FBE70069A676 /* AccountInfoCVCell.swift */ = {isa = PBXFileReference; lastKnownFileType = sourcecode.swift; path = AccountInfoCVCell.swift; sourceTree = "<group>"; };
		9FAB50292253FBE70069A676 /* AccountInfoCVCell.xib */ = {isa = PBXFileReference; lastKnownFileType = file.xib; path = AccountInfoCVCell.xib; sourceTree = "<group>"; };
		9FAB502D22541F910069A676 /* Account.swift */ = {isa = PBXFileReference; lastKnownFileType = sourcecode.swift; path = Account.swift; sourceTree = "<group>"; };
		9FAB502F225511C80069A676 /* Double+Extension.swift */ = {isa = PBXFileReference; lastKnownFileType = sourcecode.swift; path = "Double+Extension.swift"; sourceTree = "<group>"; };
		9FAB50322255140A0069A676 /* AccountDataProvider.swift */ = {isa = PBXFileReference; lastKnownFileType = sourcecode.swift; path = AccountDataProvider.swift; sourceTree = "<group>"; };
		9FAB5035225517180069A676 /* Date+Extension.swift */ = {isa = PBXFileReference; lastKnownFileType = sourcecode.swift; path = "Date+Extension.swift"; sourceTree = "<group>"; };
		C5C92F3DA654BD861FF8BFE7 /* Pods-Example.debug.xcconfig */ = {isa = PBXFileReference; includeInIndex = 1; lastKnownFileType = text.xcconfig; name = "Pods-Example.debug.xcconfig"; path = "Target Support Files/Pods-Example/Pods-Example.debug.xcconfig"; sourceTree = "<group>"; };
/* End PBXFileReference section */

/* Begin PBXFrameworksBuildPhase section */
		9FAB50052253F6B60069A676 /* Frameworks */ = {
			isa = PBXFrameworksBuildPhase;
			buildActionMask = 2147483647;
			files = (
				2A728792800F79B4DB514063 /* Pods_Example.framework in Frameworks */,
			);
			runOnlyForDeploymentPostprocessing = 0;
		};
/* End PBXFrameworksBuildPhase section */

/* Begin PBXGroup section */
		02B45CF656AEEB069DBE27D4 /* Frameworks */ = {
			isa = PBXGroup;
			children = (
				1FC325B1D55470D7BCA0BCBD /* Pods_Example.framework */,
			);
			name = Frameworks;
			sourceTree = "<group>";
		};
		47BD603B177E3571012550BE /* Pods */ = {
			isa = PBXGroup;
			children = (
				C5C92F3DA654BD861FF8BFE7 /* Pods-Example.debug.xcconfig */,
				00FD0DD01D6C7EDB9EB8B675 /* Pods-Example.release.xcconfig */,
			);
			path = Pods;
			sourceTree = "<group>";
		};
		9F2752AE2255A214005F0842 /* SupplementaryViews */ = {
			isa = PBXGroup;
			children = (
				9F2752AF2255A239005F0842 /* InstitutionHeaderView.swift */,
				9F2752B02255A239005F0842 /* InstitutionHeaderView.xib */,
				9F2752B722565F8C005F0842 /* DisclosureFooterView.swift */,
				9F2752B822565F8C005F0842 /* DisclosureFooterView.xib */,
			);
			path = SupplementaryViews;
			sourceTree = "<group>";
		};
		9FAB4FFF2253F6B60069A676 = {
			isa = PBXGroup;
			children = (
				9FAB500A2253F6B60069A676 /* Example */,
				9FAB50092253F6B60069A676 /* Products */,
				47BD603B177E3571012550BE /* Pods */,
				02B45CF656AEEB069DBE27D4 /* Frameworks */,
			);
			sourceTree = "<group>";
		};
		9FAB50092253F6B60069A676 /* Products */ = {
			isa = PBXGroup;
			children = (
				9FAB50082253F6B60069A676 /* Example.app */,
			);
			name = Products;
			sourceTree = "<group>";
		};
		9FAB500A2253F6B60069A676 /* Example */ = {
			isa = PBXGroup;
			children = (
				9FAB501F2253F7A50069A676 /* Views */,
				9FAB502C22541F830069A676 /* Model */,
				9FAB50212253FA0D0069A676 /* Utilies */,
				9FAB501D2253F7920069A676 /* Design */,
				9FAB501E2253F7960069A676 /* Resources */,
			);
			path = Example;
			sourceTree = "<group>";
		};
		9FAB501D2253F7920069A676 /* Design */ = {
			isa = PBXGroup;
			children = (
				9FAB50122253F6B70069A676 /* Assets.xcassets */,
			);
			path = Design;
			sourceTree = "<group>";
		};
		9FAB501E2253F7960069A676 /* Resources */ = {
			isa = PBXGroup;
			children = (
				9FAB500B2253F6B60069A676 /* AppDelegate.swift */,
				9FAB50142253F6B70069A676 /* LaunchScreen.storyboard */,
				9FAB50172253F6B70069A676 /* Info.plist */,
			);
			path = Resources;
			sourceTree = "<group>";
		};
		9FAB501F2253F7A50069A676 /* Views */ = {
			isa = PBXGroup;
			children = (
				9FAB500F2253F6B60069A676 /* Main.storyboard */,
				9FAB500D2253F6B60069A676 /* MainVC.swift */,
				9F2752AE2255A214005F0842 /* SupplementaryViews */,
				9FAB50202253FA050069A676 /* CVCells */,
			);
			path = Views;
			sourceTree = "<group>";
		};
		9FAB50202253FA050069A676 /* CVCells */ = {
			isa = PBXGroup;
			children = (
				9FAB50282253FBE70069A676 /* AccountInfoCVCell.swift */,
				9FAB50292253FBE70069A676 /* AccountInfoCVCell.xib */,
			);
			path = CVCells;
			sourceTree = "<group>";
		};
		9FAB50212253FA0D0069A676 /* Utilies */ = {
			isa = PBXGroup;
			children = (
				9FAB50342255170A0069A676 /* Extensions */,
				9FAB50262253FBD30069A676 /* Reusable.swift */,
				9F2752B4225652FD005F0842 /* SelfSizingHeightCVCell.swift */,
				9F2752B3225652FD005F0842 /* SelfSizingHeightReusableView.swift */,
			);
			path = Utilies;
			sourceTree = "<group>";
		};
		9FAB502C22541F830069A676 /* Model */ = {
			isa = PBXGroup;
			children = (
				9FAB5031225513A20069A676 /* DataPdoviders */,
				9F2752A82255976E005F0842 /* Institution.swift */,
				9FAB502D22541F910069A676 /* Account.swift */,
			);
			path = Model;
			sourceTree = "<group>";
		};
		9FAB5031225513A20069A676 /* DataPdoviders */ = {
			isa = PBXGroup;
			children = (
				9F2752AA225598C9005F0842 /* InstitutionDataProvider.swift */,
				9FAB50322255140A0069A676 /* AccountDataProvider.swift */,
			);
			path = DataPdoviders;
			sourceTree = "<group>";
		};
		9FAB50342255170A0069A676 /* Extensions */ = {
			isa = PBXGroup;
			children = (
				9FAB502F225511C80069A676 /* Double+Extension.swift */,
				9FAB5035225517180069A676 /* Date+Extension.swift */,
			);
			path = Extensions;
			sourceTree = "<group>";
		};
/* End PBXGroup section */

/* Begin PBXNativeTarget section */
		9FAB50072253F6B60069A676 /* Example */ = {
			isa = PBXNativeTarget;
			buildConfigurationList = 9FAB501A2253F6B70069A676 /* Build configuration list for PBXNativeTarget "Example" */;
			buildPhases = (
				8C58FFF3F00380EC0A759456 /* [CP] Check Pods Manifest.lock */,
				9FAB50042253F6B60069A676 /* Sources */,
				9FAB50052253F6B60069A676 /* Frameworks */,
				9FAB50062253F6B60069A676 /* Resources */,
				5A3E0287D5C980EAB113D875 /* [CP] Embed Pods Frameworks */,
			);
			buildRules = (
			);
			dependencies = (
			);
			name = Example;
			productName = Example;
			productReference = 9FAB50082253F6B60069A676 /* Example.app */;
			productType = "com.apple.product-type.application";
		};
/* End PBXNativeTarget section */

/* Begin PBXProject section */
		9FAB50002253F6B60069A676 /* Project object */ = {
			isa = PBXProject;
			attributes = {
				LastSwiftUpdateCheck = 1010;
				LastUpgradeCheck = 1010;
				ORGANIZATIONNAME = "Illya Bakurov";
				TargetAttributes = {
					9FAB50072253F6B60069A676 = {
						CreatedOnToolsVersion = 10.1;
					};
				};
			};
			buildConfigurationList = 9FAB50032253F6B60069A676 /* Build configuration list for PBXProject "Example" */;
			compatibilityVersion = "Xcode 9.3";
			developmentRegion = en;
			hasScannedForEncodings = 0;
			knownRegions = (
				en,
				Base,
			);
			mainGroup = 9FAB4FFF2253F6B60069A676;
			productRefGroup = 9FAB50092253F6B60069A676 /* Products */;
			projectDirPath = "";
			projectRoot = "";
			targets = (
				9FAB50072253F6B60069A676 /* Example */,
			);
		};
/* End PBXProject section */

/* Begin PBXResourcesBuildPhase section */
		9FAB50062253F6B60069A676 /* Resources */ = {
			isa = PBXResourcesBuildPhase;
			buildActionMask = 2147483647;
			files = (
				9FAB502B2253FBE70069A676 /* AccountInfoCVCell.xib in Resources */,
				9FAB50162253F6B70069A676 /* LaunchScreen.storyboard in Resources */,
				9F2752BA22565F8C005F0842 /* DisclosureFooterView.xib in Resources */,
				9FAB50132253F6B70069A676 /* Assets.xcassets in Resources */,
				9F2752B22255A239005F0842 /* InstitutionHeaderView.xib in Resources */,
				9FAB50112253F6B60069A676 /* Main.storyboard in Resources */,
			);
			runOnlyForDeploymentPostprocessing = 0;
		};
/* End PBXResourcesBuildPhase section */

/* Begin PBXShellScriptBuildPhase section */
		5A3E0287D5C980EAB113D875 /* [CP] Embed Pods Frameworks */ = {
			isa = PBXShellScriptBuildPhase;
			buildActionMask = 2147483647;
			files = (
			);
			inputFileListPaths = (
			);
			inputPaths = (
				"${PODS_ROOT}/Target Support Files/Pods-Example/Pods-Example-frameworks.sh",
				"${BUILT_PRODUCTS_DIR}/MultiColumnLayout/MultiColumnLayout.framework",
			);
			name = "[CP] Embed Pods Frameworks";
			outputFileListPaths = (
			);
			outputPaths = (
				"${TARGET_BUILD_DIR}/${FRAMEWORKS_FOLDER_PATH}/MultiColumnLayout.framework",
			);
			runOnlyForDeploymentPostprocessing = 0;
			shellPath = /bin/sh;
			shellScript = "\"${PODS_ROOT}/Target Support Files/Pods-Example/Pods-Example-frameworks.sh\"\n";
			showEnvVarsInLog = 0;
		};
		8C58FFF3F00380EC0A759456 /* [CP] Check Pods Manifest.lock */ = {
			isa = PBXShellScriptBuildPhase;
			buildActionMask = 2147483647;
			files = (
			);
			inputFileListPaths = (
			);
			inputPaths = (
				"${PODS_PODFILE_DIR_PATH}/Podfile.lock",
				"${PODS_ROOT}/Manifest.lock",
			);
			name = "[CP] Check Pods Manifest.lock";
			outputFileListPaths = (
			);
			outputPaths = (
				"$(DERIVED_FILE_DIR)/Pods-Example-checkManifestLockResult.txt",
			);
			runOnlyForDeploymentPostprocessing = 0;
			shellPath = /bin/sh;
			shellScript = "diff \"${PODS_PODFILE_DIR_PATH}/Podfile.lock\" \"${PODS_ROOT}/Manifest.lock\" > /dev/null\nif [ $? != 0 ] ; then\n    # print error to STDERR\n    echo \"error: The sandbox is not in sync with the Podfile.lock. Run 'pod install' or update your CocoaPods installation.\" >&2\n    exit 1\nfi\n# This output is used by Xcode 'outputs' to avoid re-running this script phase.\necho \"SUCCESS\" > \"${SCRIPT_OUTPUT_FILE_0}\"\n";
			showEnvVarsInLog = 0;
		};
/* End PBXShellScriptBuildPhase section */

/* Begin PBXSourcesBuildPhase section */
		9FAB50042253F6B60069A676 /* Sources */ = {
			isa = PBXSourcesBuildPhase;
			buildActionMask = 2147483647;
			files = (
				9F2752B922565F8C005F0842 /* DisclosureFooterView.swift in Sources */,
				9F2752B6225652FD005F0842 /* SelfSizingHeightCVCell.swift in Sources */,
				9F2752A92255976E005F0842 /* Institution.swift in Sources */,
				9FAB500E2253F6B60069A676 /* MainVC.swift in Sources */,
				9FAB50332255140A0069A676 /* AccountDataProvider.swift in Sources */,
				9FAB5030225511C80069A676 /* Double+Extension.swift in Sources */,
				9FAB502A2253FBE70069A676 /* AccountInfoCVCell.swift in Sources */,
				9F2752AB225598C9005F0842 /* InstitutionDataProvider.swift in Sources */,
				9F2752B5225652FD005F0842 /* SelfSizingHeightReusableView.swift in Sources */,
				9FAB5036225517180069A676 /* Date+Extension.swift in Sources */,
				9F2752B12255A239005F0842 /* InstitutionHeaderView.swift in Sources */,
				9FAB500C2253F6B60069A676 /* AppDelegate.swift in Sources */,
				9FAB50272253FBD30069A676 /* Reusable.swift in Sources */,
				9FAB502E22541F910069A676 /* Account.swift in Sources */,
			);
			runOnlyForDeploymentPostprocessing = 0;
		};
/* End PBXSourcesBuildPhase section */

/* Begin PBXVariantGroup section */
		9FAB500F2253F6B60069A676 /* Main.storyboard */ = {
			isa = PBXVariantGroup;
			children = (
				9FAB50102253F6B60069A676 /* Base */,
			);
			name = Main.storyboard;
			sourceTree = "<group>";
		};
		9FAB50142253F6B70069A676 /* LaunchScreen.storyboard */ = {
			isa = PBXVariantGroup;
			children = (
				9FAB50152253F6B70069A676 /* Base */,
			);
			name = LaunchScreen.storyboard;
			sourceTree = "<group>";
		};
/* End PBXVariantGroup section */

/* Begin XCBuildConfiguration section */
		9FAB50182253F6B70069A676 /* Debug */ = {
			isa = XCBuildConfiguration;
			buildSettings = {
				ALWAYS_SEARCH_USER_PATHS = NO;
				CLANG_ANALYZER_NONNULL = YES;
				CLANG_ANALYZER_NUMBER_OBJECT_CONVERSION = YES_AGGRESSIVE;
				CLANG_CXX_LANGUAGE_STANDARD = "gnu++14";
				CLANG_CXX_LIBRARY = "libc++";
				CLANG_ENABLE_MODULES = YES;
				CLANG_ENABLE_OBJC_ARC = YES;
				CLANG_ENABLE_OBJC_WEAK = YES;
				CLANG_WARN_BLOCK_CAPTURE_AUTORELEASING = YES;
				CLANG_WARN_BOOL_CONVERSION = YES;
				CLANG_WARN_COMMA = YES;
				CLANG_WARN_CONSTANT_CONVERSION = YES;
				CLANG_WARN_DEPRECATED_OBJC_IMPLEMENTATIONS = YES;
				CLANG_WARN_DIRECT_OBJC_ISA_USAGE = YES_ERROR;
				CLANG_WARN_DOCUMENTATION_COMMENTS = YES;
				CLANG_WARN_EMPTY_BODY = YES;
				CLANG_WARN_ENUM_CONVERSION = YES;
				CLANG_WARN_INFINITE_RECURSION = YES;
				CLANG_WARN_INT_CONVERSION = YES;
				CLANG_WARN_NON_LITERAL_NULL_CONVERSION = YES;
				CLANG_WARN_OBJC_IMPLICIT_RETAIN_SELF = YES;
				CLANG_WARN_OBJC_LITERAL_CONVERSION = YES;
				CLANG_WARN_OBJC_ROOT_CLASS = YES_ERROR;
				CLANG_WARN_RANGE_LOOP_ANALYSIS = YES;
				CLANG_WARN_STRICT_PROTOTYPES = YES;
				CLANG_WARN_SUSPICIOUS_MOVE = YES;
				CLANG_WARN_UNGUARDED_AVAILABILITY = YES_AGGRESSIVE;
				CLANG_WARN_UNREACHABLE_CODE = YES;
				CLANG_WARN__DUPLICATE_METHOD_MATCH = YES;
				CODE_SIGN_IDENTITY = "iPhone Developer";
				COPY_PHASE_STRIP = NO;
				DEBUG_INFORMATION_FORMAT = dwarf;
				ENABLE_STRICT_OBJC_MSGSEND = YES;
				ENABLE_TESTABILITY = YES;
				GCC_C_LANGUAGE_STANDARD = gnu11;
				GCC_DYNAMIC_NO_PIC = NO;
				GCC_NO_COMMON_BLOCKS = YES;
				GCC_OPTIMIZATION_LEVEL = 0;
				GCC_PREPROCESSOR_DEFINITIONS = (
					"DEBUG=1",
					"$(inherited)",
				);
				GCC_WARN_64_TO_32_BIT_CONVERSION = YES;
				GCC_WARN_ABOUT_RETURN_TYPE = YES_ERROR;
				GCC_WARN_UNDECLARED_SELECTOR = YES;
				GCC_WARN_UNINITIALIZED_AUTOS = YES_AGGRESSIVE;
				GCC_WARN_UNUSED_FUNCTION = YES;
				GCC_WARN_UNUSED_VARIABLE = YES;
				IPHONEOS_DEPLOYMENT_TARGET = 10.0;
				MTL_ENABLE_DEBUG_INFO = INCLUDE_SOURCE;
				MTL_FAST_MATH = YES;
				ONLY_ACTIVE_ARCH = YES;
				SDKROOT = iphoneos;
				SWIFT_ACTIVE_COMPILATION_CONDITIONS = DEBUG;
				SWIFT_OPTIMIZATION_LEVEL = "-Onone";
			};
			name = Debug;
		};
		9FAB50192253F6B70069A676 /* Release */ = {
			isa = XCBuildConfiguration;
			buildSettings = {
				ALWAYS_SEARCH_USER_PATHS = NO;
				CLANG_ANALYZER_NONNULL = YES;
				CLANG_ANALYZER_NUMBER_OBJECT_CONVERSION = YES_AGGRESSIVE;
				CLANG_CXX_LANGUAGE_STANDARD = "gnu++14";
				CLANG_CXX_LIBRARY = "libc++";
				CLANG_ENABLE_MODULES = YES;
				CLANG_ENABLE_OBJC_ARC = YES;
				CLANG_ENABLE_OBJC_WEAK = YES;
				CLANG_WARN_BLOCK_CAPTURE_AUTORELEASING = YES;
				CLANG_WARN_BOOL_CONVERSION = YES;
				CLANG_WARN_COMMA = YES;
				CLANG_WARN_CONSTANT_CONVERSION = YES;
				CLANG_WARN_DEPRECATED_OBJC_IMPLEMENTATIONS = YES;
				CLANG_WARN_DIRECT_OBJC_ISA_USAGE = YES_ERROR;
				CLANG_WARN_DOCUMENTATION_COMMENTS = YES;
				CLANG_WARN_EMPTY_BODY = YES;
				CLANG_WARN_ENUM_CONVERSION = YES;
				CLANG_WARN_INFINITE_RECURSION = YES;
				CLANG_WARN_INT_CONVERSION = YES;
				CLANG_WARN_NON_LITERAL_NULL_CONVERSION = YES;
				CLANG_WARN_OBJC_IMPLICIT_RETAIN_SELF = YES;
				CLANG_WARN_OBJC_LITERAL_CONVERSION = YES;
				CLANG_WARN_OBJC_ROOT_CLASS = YES_ERROR;
				CLANG_WARN_RANGE_LOOP_ANALYSIS = YES;
				CLANG_WARN_STRICT_PROTOTYPES = YES;
				CLANG_WARN_SUSPICIOUS_MOVE = YES;
				CLANG_WARN_UNGUARDED_AVAILABILITY = YES_AGGRESSIVE;
				CLANG_WARN_UNREACHABLE_CODE = YES;
				CLANG_WARN__DUPLICATE_METHOD_MATCH = YES;
				CODE_SIGN_IDENTITY = "iPhone Developer";
				COPY_PHASE_STRIP = NO;
				DEBUG_INFORMATION_FORMAT = "dwarf-with-dsym";
				ENABLE_NS_ASSERTIONS = NO;
				ENABLE_STRICT_OBJC_MSGSEND = YES;
				GCC_C_LANGUAGE_STANDARD = gnu11;
				GCC_NO_COMMON_BLOCKS = YES;
				GCC_WARN_64_TO_32_BIT_CONVERSION = YES;
				GCC_WARN_ABOUT_RETURN_TYPE = YES_ERROR;
				GCC_WARN_UNDECLARED_SELECTOR = YES;
				GCC_WARN_UNINITIALIZED_AUTOS = YES_AGGRESSIVE;
				GCC_WARN_UNUSED_FUNCTION = YES;
				GCC_WARN_UNUSED_VARIABLE = YES;
				IPHONEOS_DEPLOYMENT_TARGET = 10.0;
				MTL_ENABLE_DEBUG_INFO = NO;
				MTL_FAST_MATH = YES;
				SDKROOT = iphoneos;
				SWIFT_COMPILATION_MODE = wholemodule;
				SWIFT_OPTIMIZATION_LEVEL = "-O";
				VALIDATE_PRODUCT = YES;
			};
			name = Release;
		};
		9FAB501B2253F6B70069A676 /* Debug */ = {
			isa = XCBuildConfiguration;
			baseConfigurationReference = C5C92F3DA654BD861FF8BFE7 /* Pods-Example.debug.xcconfig */;
			buildSettings = {
				ASSETCATALOG_COMPILER_APPICON_NAME = AppIcon;
				CODE_SIGN_STYLE = Automatic;
				DEVELOPMENT_TEAM = 5QL669B37A;
				INFOPLIST_FILE = "$(SRCROOT)/Example/Resources/Info.plist";
				IPHONEOS_DEPLOYMENT_TARGET = 10.0;
				LD_RUNPATH_SEARCH_PATHS = (
					"$(inherited)",
					"@executable_path/Frameworks",
				);
				PRODUCT_BUNDLE_IDENTIFIER = com.ibakurov.multicolumnlayout.demo;
				PRODUCT_NAME = "$(TARGET_NAME)";
				SWIFT_VERSION = 4.2;
				TARGETED_DEVICE_FAMILY = "1,2";
			};
			name = Debug;
		};
		9FAB501C2253F6B70069A676 /* Release */ = {
			isa = XCBuildConfiguration;
			baseConfigurationReference = 00FD0DD01D6C7EDB9EB8B675 /* Pods-Example.release.xcconfig */;
			buildSettings = {
				ASSETCATALOG_COMPILER_APPICON_NAME = AppIcon;
				CODE_SIGN_STYLE = Automatic;
				DEVELOPMENT_TEAM = 5QL669B37A;
				INFOPLIST_FILE = "$(SRCROOT)/Example/Resources/Info.plist";
				IPHONEOS_DEPLOYMENT_TARGET = 10.0;
				LD_RUNPATH_SEARCH_PATHS = (
					"$(inherited)",
					"@executable_path/Frameworks",
				);
				PRODUCT_BUNDLE_IDENTIFIER = com.ibakurov.multicolumnlayout.demo;
				PRODUCT_NAME = "$(TARGET_NAME)";
				SWIFT_VERSION = 4.2;
				TARGETED_DEVICE_FAMILY = "1,2";
			};
			name = Release;
		};
/* End XCBuildConfiguration section */

/* Begin XCConfigurationList section */
		9FAB50032253F6B60069A676 /* Build configuration list for PBXProject "Example" */ = {
			isa = XCConfigurationList;
			buildConfigurations = (
				9FAB50182253F6B70069A676 /* Debug */,
				9FAB50192253F6B70069A676 /* Release */,
			);
			defaultConfigurationIsVisible = 0;
			defaultConfigurationName = Release;
		};
		9FAB501A2253F6B70069A676 /* Build configuration list for PBXNativeTarget "Example" */ = {
			isa = XCConfigurationList;
			buildConfigurations = (
				9FAB501B2253F6B70069A676 /* Debug */,
				9FAB501C2253F6B70069A676 /* Release */,
			);
			defaultConfigurationIsVisible = 0;
			defaultConfigurationName = Release;
		};
/* End XCConfigurationList section */
	};
	rootObject = 9FAB50002253F6B60069A676 /* Project object */;
}
